
Microsoft Visual Studio Solution File, Format Version 12.00
# Visual Studio Version 16
VisualStudioVersion = 16.0.29215.179
MinimumVisualStudioVersion = 10.0.40219.1
Project("{9A19103F-16F7-4668-BE54-9A1E7A4F7556}") = "P1x3lc0w.DiscordStarboardBot", "P1x3lc0w.DiscordStarboardBot\P1x3lc0w.DiscordStarboardBot.csproj", "{901430DE-F7A6-430E-AAA8-1C8B313E511E}"
EndProject
Project("{9A19103F-16F7-4668-BE54-9A1E7A4F7556}") = "P1x3lc0w.Extensions", "Submodules\P1x3lc0w.Extensions\P1x3lc0w.Extensions\P1x3lc0w.Extensions.csproj", "{5F462750-EE64-411A-8402-AD4933CA2837}"
EndProject
Project("{9A19103F-16F7-4668-BE54-9A1E7A4F7556}") = "P1x3lc0w.Common", "Submodules\P1x3lc0w.Common\P1x3lc0w.Common\P1x3lc0w.Common.csproj", "{53D2500F-CD71-445E-AE4F-9D15E8319129}"
EndProject
Global
	GlobalSection(SolutionConfigurationPlatforms) = preSolution
		Debug|Any CPU = Debug|Any CPU
		Release|Any CPU = Release|Any CPU
	EndGlobalSection
	GlobalSection(ProjectConfigurationPlatforms) = postSolution
		{901430DE-F7A6-430E-AAA8-1C8B313E511E}.Debug|Any CPU.ActiveCfg = Debug|Any CPU
		{901430DE-F7A6-430E-AAA8-1C8B313E511E}.Debug|Any CPU.Build.0 = Debug|Any CPU
		{901430DE-F7A6-430E-AAA8-1C8B313E511E}.Release|Any CPU.ActiveCfg = Release|Any CPU
		{901430DE-F7A6-430E-AAA8-1C8B313E511E}.Release|Any CPU.Build.0 = Release|Any CPU
		{5F462750-EE64-411A-8402-AD4933CA2837}.Debug|Any CPU.ActiveCfg = Debug|Any CPU
		{5F462750-EE64-411A-8402-AD4933CA2837}.Debug|Any CPU.Build.0 = Debug|Any CPU
		{5F462750-EE64-411A-8402-AD4933CA2837}.Release|Any CPU.ActiveCfg = Release|Any CPU
		{5F462750-EE64-411A-8402-AD4933CA2837}.Release|Any CPU.Build.0 = Release|Any CPU
		{53D2500F-CD71-445E-AE4F-9D15E8319129}.Debug|Any CPU.ActiveCfg = Debug|Any CPU
		{53D2500F-CD71-445E-AE4F-9D15E8319129}.Debug|Any CPU.Build.0 = Debug|Any CPU
		{53D2500F-CD71-445E-AE4F-9D15E8319129}.Release|Any CPU.ActiveCfg = Release|Any CPU
		{53D2500F-CD71-445E-AE4F-9D15E8319129}.Release|Any CPU.Build.0 = Release|Any CPU
	EndGlobalSection
	GlobalSection(SolutionProperties) = preSolution
		HideSolutionNode = FALSE
	EndGlobalSection
	GlobalSection(ExtensibilityGlobals) = postSolution
		SolutionGuid = {78FC7582-C6E5-46FC-828A-688443862B33}
	EndGlobalSection
EndGlobal
