
Microsoft Visual Studio Solution File, Format Version 12.00
# Visual Studio Version 16
VisualStudioVersion = 16.0.29215.179
MinimumVisualStudioVersion = 10.0.40219.1
Project("{FAE04EC0-301F-11D3-BF4B-00C04F79EFBC}") = "P1x3lc0w.DiscordStarboardBot", "P1x3lc0w.DiscordStarboardBot\P1x3lc0w.DiscordStarboardBot.csproj", "{901430DE-F7A6-430E-AAA8-1C8B313E511E}"
EndProject
Global
	GlobalSection(SolutionConfigurationPlatforms) = preSolution
		Debug|Any CPU = Debug|Any CPU
		Release|Any CPU = Release|Any CPU
	EndGlobalSection
	GlobalSection(ProjectConfigurationPlatforms) = postSolution
		{901430DE-F7A6-430E-AAA8-1C8B313E511E}.Debug|Any CPU.ActiveCfg = Debug|Any CPU
		{901430DE-F7A6-430E-AAA8-1C8B313E511E}.Debug|Any CPU.Build.0 = Debug|Any CPU
		{901430DE-F7A6-430E-AAA8-1C8B313E511E}.Release|Any CPU.ActiveCfg = Release|Any CPU
		{901430DE-F7A6-430E-AAA8-1C8B313E511E}.Release|Any CPU.Build.0 = Release|Any CPU
	EndGlobalSection
	GlobalSection(SolutionProperties) = preSolution
		HideSolutionNode = FALSE
	EndGlobalSection
	GlobalSection(ExtensibilityGlobals) = postSolution
		SolutionGuid = {78FC7582-C6E5-46FC-828A-688443862B33}
	EndGlobalSection
EndGlobal
